Microsoft Visual Studio Solution File, Format Version 12.00
# Visual Studio Version 17
VisualStudioVersion = 17.13.35825.156
MinimumVisualStudioVersion = 10.0.40219.1
Project("{FAE04EC0-301F-11D3-BF4B-00C04F79EFBC}") = "Week03Homework", "Week03Homework\Week03Homework.csproj", "{5B486468-3F72-44C6-AAAD-1154B9201586}"
EndProject
Global
	GlobalSection(SolutionConfigurationPlatforms) = preSolution
		Debug|Any CPU = Debug|Any CPU
		Release|Any CPU = Release|Any CPU
	EndGlobalSection
	GlobalSection(ProjectConfigurationPlatforms) = postSolution
		{5B486468-3F72-44C6-AAAD-1154B9201586}.Debug|Any CPU.ActiveCfg = Debug|Any CPU
		{5B486468-3F72-44C6-AAAD-1154B9201586}.Debug|Any CPU.Build.0 = Debug|Any CPU
		{5B486468-3F72-44C6-AAAD-1154B9201586}.Release|Any CPU.ActiveCfg = Release|Any CPU
		{5B486468-3F72-44C6-AAAD-1154B9201586}.Release|Any CPU.Build.0 = Release|Any CPU
	EndGlobalSection
	GlobalSection(SolutionProperties) = preSolution
		HideSolutionNode = FALSE
	EndGlobalSection
	GlobalSection(ExtensibilityGlobals) = postSolution
		SolutionGuid = {E9DA2D6B-50E4-46C8-8348-6E8E7EFC9451}
	EndGlobalSection
EndGlobal
